
Microsoft Visual Studio Solution File, Format Version 12.00
# Visual Studio Version 16
VisualStudioVersion = 16.0.30204.135
MinimumVisualStudioVersion = 10.0.40219.1
Project("{FAE04EC0-301F-11D3-BF4B-00C04F79EFBC}") = "ASP.NET Core MVC", "ASP.NET Core MVC\ASP.NET Core MVC.csproj", "{67294699-2922-4779-9096-95A014C9BEC7}"
EndProject
Global
	GlobalSection(SolutionConfigurationPlatforms) = preSolution
		Debug|Any CPU = Debug|Any CPU
		Release|Any CPU = Release|Any CPU
	EndGlobalSection
	GlobalSection(ProjectConfigurationPlatforms) = postSolution
		{67294699-2922-4779-9096-95A014C9BEC7}.Debug|Any CPU.ActiveCfg = Debug|Any CPU
		{67294699-2922-4779-9096-95A014C9BEC7}.Debug|Any CPU.Build.0 = Debug|Any CPU
		{67294699-2922-4779-9096-95A014C9BEC7}.Release|Any CPU.ActiveCfg = Release|Any CPU
		{67294699-2922-4779-9096-95A014C9BEC7}.Release|Any CPU.Build.0 = Release|Any CPU
	EndGlobalSection
	GlobalSection(SolutionProperties) = preSolution
		HideSolutionNode = FALSE
	EndGlobalSection
	GlobalSection(ExtensibilityGlobals) = postSolution
		SolutionGuid = {172F3DA0-A370-4D9D-9B01-CD9DFEC2EF4A}
	EndGlobalSection
EndGlobal
